
Microsoft Visual Studio Solution File, Format Version 12.00
# Visual Studio Version 16
VisualStudioVersion = 16.0.31005.135
MinimumVisualStudioVersion = 10.0.40219.1
Project("{9A19103F-16F7-4668-BE54-9A1E7A4F7556}") = "CosmosChangeStreamTriggerBinding", "CosmosChangeStreamTriggerBinding\CosmosChangeStreamTriggerBinding.csproj", "{717EF8AC-27FE-4182-86FF-003534720C79}"
EndProject
Project("{FAE04EC0-301F-11D3-BF4B-00C04F79EFBC}") = "CosmosChangeStreamTriggerBinding.UnitTests", "CosmosChangeStreamTriggerBinding.UnitTests\CosmosChangeStreamTriggerBinding.UnitTests\CosmosChangeStreamTriggerBinding.UnitTests.csproj", "{6B6B2E6C-78A0-4E3B-B199-56F04C9B1652}"
EndProject
Global
	GlobalSection(SolutionConfigurationPlatforms) = preSolution
		Debug|Any CPU = Debug|Any CPU
		Release|Any CPU = Release|Any CPU
	EndGlobalSection
	GlobalSection(ProjectConfigurationPlatforms) = postSolution
		{717EF8AC-27FE-4182-86FF-003534720C79}.Debug|Any CPU.ActiveCfg = Debug|Any CPU
		{717EF8AC-27FE-4182-86FF-003534720C79}.Debug|Any CPU.Build.0 = Debug|Any CPU
		{717EF8AC-27FE-4182-86FF-003534720C79}.Release|Any CPU.ActiveCfg = Release|Any CPU
		{717EF8AC-27FE-4182-86FF-003534720C79}.Release|Any CPU.Build.0 = Release|Any CPU
		{6B6B2E6C-78A0-4E3B-B199-56F04C9B1652}.Debug|Any CPU.ActiveCfg = Debug|Any CPU
		{6B6B2E6C-78A0-4E3B-B199-56F04C9B1652}.Debug|Any CPU.Build.0 = Debug|Any CPU
		{6B6B2E6C-78A0-4E3B-B199-56F04C9B1652}.Release|Any CPU.ActiveCfg = Release|Any CPU
		{6B6B2E6C-78A0-4E3B-B199-56F04C9B1652}.Release|Any CPU.Build.0 = Release|Any CPU
	EndGlobalSection
	GlobalSection(SolutionProperties) = preSolution
		HideSolutionNode = FALSE
	EndGlobalSection
	GlobalSection(ExtensibilityGlobals) = postSolution
		SolutionGuid = {D7F1CDBE-68C2-46D2-80BA-A8C983570425}
	EndGlobalSection
EndGlobal
